
Microsoft Visual Studio Solution File, Format Version 10.00
# Visual Studio 2008
Project("{8BC9CEB8-8B4A-11D0-8D11-00A0C91BC942}") = "VCEAMF", "VCEAMF.vcproj", "{8F135B2D-031F-444E-8497-DAE3A5338CCC}"
EndProject
Global
	GlobalSection(SolutionConfigurationPlatforms) = preSolution
		Debug|Win32 = Debug|Win32
		Release|Win32 = Release|Win32
	EndGlobalSection
	GlobalSection(ProjectConfigurationPlatforms) = postSolution
		{8F135B2D-031F-444E-8497-DAE3A5338CCC}.Debug|Win32.ActiveCfg = Debug|Win32
		{8F135B2D-031F-444E-8497-DAE3A5338CCC}.Debug|Win32.Build.0 = Debug|Win32
		{8F135B2D-031F-444E-8497-DAE3A5338CCC}.Release|Win32.ActiveCfg = Release|Win32
		{8F135B2D-031F-444E-8497-DAE3A5338CCC}.Release|Win32.Build.0 = Release|Win32
	EndGlobalSection
	GlobalSection(SolutionProperties) = preSolution
		HideSolutionNode = FALSE
	EndGlobalSection
EndGlobal
